
Microsoft Visual Studio Solution File, Format Version 12.00
# Visual Studio Version 16
VisualStudioVersion = 16.0.29905.134
MinimumVisualStudioVersion = 10.0.40219.1
Project("{9A19103F-16F7-4668-BE54-9A1E7A4F7556}") = "TimeTracker.Application", "Source\TimeTracker.Application\TimeTracker.Application.csproj", "{D9981BE2-4C97-48FB-A576-98D6707E6B7F}"
EndProject
Project("{9A19103F-16F7-4668-BE54-9A1E7A4F7556}") = "TimeTracker.Infrastructure", "Source\TimeTracker.Infrastructure\TimeTracker.Infrastructure.csproj", "{E7C2CE4F-7529-4855-9B73-D176636C340C}"
EndProject
Project("{2150E333-8FDC-42A3-9474-1A3956D46DE8}") = "Source", "Source", "{72F9F3C0-88D5-474A-8A9B-F917E914425B}"
EndProject
Project("{2150E333-8FDC-42A3-9474-1A3956D46DE8}") = "Tests", "Tests", "{20FF61B2-E279-4A75-951E-D7CA0CFF9D6A}"
EndProject
Project("{9A19103F-16F7-4668-BE54-9A1E7A4F7556}") = "TimeTracker.Domain.UnitTests", "Tests\TimeTracker.Domain.UnitTests\TimeTracker.Domain.UnitTests.csproj", "{FE6B60EA-5FAE-471C-AD0E-EB87652F5851}"
EndProject
Project("{9A19103F-16F7-4668-BE54-9A1E7A4F7556}") = "TimeTracker.Infrastructure.IntegrationTests", "Tests\TimeTracker.Infrastructure.IntegrationTests\TimeTracker.Infrastructure.IntegrationTests.csproj", "{BA124335-6B33-4E13-A394-590EE673A566}"
EndProject
Project("{9A19103F-16F7-4668-BE54-9A1E7A4F7556}") = "TimeTracker.Domain", "Source\TimeTracker.Domain\TimeTracker.Domain.csproj", "{1A3F6C6E-A85C-407D-A602-336248F05416}"
EndProject
Project("{2150E333-8FDC-42A3-9474-1A3956D46DE8}") = "Solution Items", "Solution Items", "{BCEF6E50-EAE3-4CAE-A379-03F8BC14CE72}"
	ProjectSection(SolutionItems) = preProject
		.editorconfig = .editorconfig
	EndProjectSection
EndProject
Project("{9A19103F-16F7-4668-BE54-9A1E7A4F7556}") = "TimeTracker.Application.UnitTests", "Tests\TimeTracker.Application.UnitTests\TimeTracker.Application.UnitTests.csproj", "{6017ECA9-D06A-4E4D-9875-B781F980CAA2}"
EndProject
Project("{2150E333-8FDC-42A3-9474-1A3956D46DE8}") = "Precentation", "Precentation", "{BB7DC064-D317-438A-B4A1-59BC7E1F199D}"
EndProject
Project("{2150E333-8FDC-42A3-9474-1A3956D46DE8}") = "Core", "Core", "{01DEBF4B-67E9-4AAC-89FA-E299416150C5}"
EndProject
Project("{2150E333-8FDC-42A3-9474-1A3956D46DE8}") = "Infrastructure", "Infrastructure", "{0556A7C6-98F8-40A2-B37D-B2952D57AC28}"
EndProject
Project("{FAE04EC0-301F-11D3-BF4B-00C04F79EFBC}") = "TimeTracker.Uwp", "Source\TimeTracker.Uwp\TimeTracker.Uwp.csproj", "{56117584-9D28-4745-9E5A-A4EE7A302613}"
EndProject
Project("{9A19103F-16F7-4668-BE54-9A1E7A4F7556}") = "TimeTracker.Tests.Common", "Tests\TimeTracker.Tests.Common\TimeTracker.Tests.Common.csproj", "{7CF6B00C-3E78-4909-AD38-8088045E7DB8}"
EndProject
Project("{9A19103F-16F7-4668-BE54-9A1E7A4F7556}") = "TimeTracker.Core", "Source\TimeTracker.Core\TimeTracker.Core.csproj", "{7D004A62-C2E3-4111-A6A9-1541AD59A1BC}"
EndProject
Global
	GlobalSection(SolutionConfigurationPlatforms) = preSolution
		Debug|Any CPU = Debug|Any CPU
		Debug|ARM = Debug|ARM
		Debug|ARM64 = Debug|ARM64
		Debug|x64 = Debug|x64
		Debug|x86 = Debug|x86
		Release|Any CPU = Release|Any CPU
		Release|ARM = Release|ARM
		Release|ARM64 = Release|ARM64
		Release|x64 = Release|x64
		Release|x86 = Release|x86
	EndGlobalSection
	GlobalSection(ProjectConfigurationPlatforms) = postSolution
		{D9981BE2-4C97-48FB-A576-98D6707E6B7F}.Debug|Any CPU.ActiveCfg = Debug|Any CPU
		{D9981BE2-4C97-48FB-A576-98D6707E6B7F}.Debug|Any CPU.Build.0 = Debug|Any CPU
		{D9981BE2-4C97-48FB-A576-98D6707E6B7F}.Debug|ARM.ActiveCfg = Debug|Any CPU
		{D9981BE2-4C97-48FB-A576-98D6707E6B7F}.Debug|ARM.Build.0 = Debug|Any CPU
		{D9981BE2-4C97-48FB-A576-98D6707E6B7F}.Debug|ARM64.ActiveCfg = Debug|Any CPU
		{D9981BE2-4C97-48FB-A576-98D6707E6B7F}.Debug|ARM64.Build.0 = Debug|Any CPU
		{D9981BE2-4C97-48FB-A576-98D6707E6B7F}.Debug|x64.ActiveCfg = Debug|x64
		{D9981BE2-4C97-48FB-A576-98D6707E6B7F}.Debug|x64.Build.0 = Debug|x64
		{D9981BE2-4C97-48FB-A576-98D6707E6B7F}.Debug|x86.ActiveCfg = Debug|x86
		{D9981BE2-4C97-48FB-A576-98D6707E6B7F}.Debug|x86.Build.0 = Debug|x86
		{D9981BE2-4C97-48FB-A576-98D6707E6B7F}.Release|Any CPU.ActiveCfg = Release|Any CPU
		{D9981BE2-4C97-48FB-A576-98D6707E6B7F}.Release|Any CPU.Build.0 = Release|Any CPU
		{D9981BE2-4C97-48FB-A576-98D6707E6B7F}.Release|ARM.ActiveCfg = Release|Any CPU
		{D9981BE2-4C97-48FB-A576-98D6707E6B7F}.Release|ARM.Build.0 = Release|Any CPU
		{D9981BE2-4C97-48FB-A576-98D6707E6B7F}.Release|ARM64.ActiveCfg = Release|Any CPU
		{D9981BE2-4C97-48FB-A576-98D6707E6B7F}.Release|ARM64.Build.0 = Release|Any CPU
		{D9981BE2-4C97-48FB-A576-98D6707E6B7F}.Release|x64.ActiveCfg = Release|Any CPU
		{D9981BE2-4C97-48FB-A576-98D6707E6B7F}.Release|x64.Build.0 = Release|Any CPU
		{D9981BE2-4C97-48FB-A576-98D6707E6B7F}.Release|x86.ActiveCfg = Release|Any CPU
		{D9981BE2-4C97-48FB-A576-98D6707E6B7F}.Release|x86.Build.0 = Release|Any CPU
		{E7C2CE4F-7529-4855-9B73-D176636C340C}.Debug|Any CPU.ActiveCfg = Debug|Any CPU
		{E7C2CE4F-7529-4855-9B73-D176636C340C}.Debug|Any CPU.Build.0 = Debug|Any CPU
		{E7C2CE4F-7529-4855-9B73-D176636C340C}.Debug|ARM.ActiveCfg = Debug|Any CPU
		{E7C2CE4F-7529-4855-9B73-D176636C340C}.Debug|ARM.Build.0 = Debug|Any CPU
		{E7C2CE4F-7529-4855-9B73-D176636C340C}.Debug|ARM64.ActiveCfg = Debug|Any CPU
		{E7C2CE4F-7529-4855-9B73-D176636C340C}.Debug|ARM64.Build.0 = Debug|Any CPU
		{E7C2CE4F-7529-4855-9B73-D176636C340C}.Debug|x64.ActiveCfg = Debug|x64
		{E7C2CE4F-7529-4855-9B73-D176636C340C}.Debug|x64.Build.0 = Debug|x64
		{E7C2CE4F-7529-4855-9B73-D176636C340C}.Debug|x86.ActiveCfg = Debug|x86
		{E7C2CE4F-7529-4855-9B73-D176636C340C}.Debug|x86.Build.0 = Debug|x86
		{E7C2CE4F-7529-4855-9B73-D176636C340C}.Release|Any CPU.ActiveCfg = Release|Any CPU
		{E7C2CE4F-7529-4855-9B73-D176636C340C}.Release|Any CPU.Build.0 = Release|Any CPU
		{E7C2CE4F-7529-4855-9B73-D176636C340C}.Release|ARM.ActiveCfg = Release|Any CPU
		{E7C2CE4F-7529-4855-9B73-D176636C340C}.Release|ARM.Build.0 = Release|Any CPU
		{E7C2CE4F-7529-4855-9B73-D176636C340C}.Release|ARM64.ActiveCfg = Release|Any CPU
		{E7C2CE4F-7529-4855-9B73-D176636C340C}.Release|ARM64.Build.0 = Release|Any CPU
		{E7C2CE4F-7529-4855-9B73-D176636C340C}.Release|x64.ActiveCfg = Release|Any CPU
		{E7C2CE4F-7529-4855-9B73-D176636C340C}.Release|x64.Build.0 = Release|Any CPU
		{E7C2CE4F-7529-4855-9B73-D176636C340C}.Release|x86.ActiveCfg = Release|Any CPU
		{E7C2CE4F-7529-4855-9B73-D176636C340C}.Release|x86.Build.0 = Release|Any CPU
		{FE6B60EA-5FAE-471C-AD0E-EB87652F5851}.Debug|Any CPU.ActiveCfg = Debug|Any CPU
		{FE6B60EA-5FAE-471C-AD0E-EB87652F5851}.Debug|Any CPU.Build.0 = Debug|Any CPU
		{FE6B60EA-5FAE-471C-AD0E-EB87652F5851}.Debug|ARM.ActiveCfg = Debug|Any CPU
		{FE6B60EA-5FAE-471C-AD0E-EB87652F5851}.Debug|ARM.Build.0 = Debug|Any CPU
		{FE6B60EA-5FAE-471C-AD0E-EB87652F5851}.Debug|ARM64.ActiveCfg = Debug|Any CPU
		{FE6B60EA-5FAE-471C-AD0E-EB87652F5851}.Debug|ARM64.Build.0 = Debug|Any CPU
		{FE6B60EA-5FAE-471C-AD0E-EB87652F5851}.Debug|x64.ActiveCfg = Debug|x64
		{FE6B60EA-5FAE-471C-AD0E-EB87652F5851}.Debug|x64.Build.0 = Debug|x64
		{FE6B60EA-5FAE-471C-AD0E-EB87652F5851}.Debug|x86.ActiveCfg = Debug|x86
		{FE6B60EA-5FAE-471C-AD0E-EB87652F5851}.Debug|x86.Build.0 = Debug|x86
		{FE6B60EA-5FAE-471C-AD0E-EB87652F5851}.Release|Any CPU.ActiveCfg = Release|Any CPU
		{FE6B60EA-5FAE-471C-AD0E-EB87652F5851}.Release|Any CPU.Build.0 = Release|Any CPU
		{FE6B60EA-5FAE-471C-AD0E-EB87652F5851}.Release|ARM.ActiveCfg = Release|Any CPU
		{FE6B60EA-5FAE-471C-AD0E-EB87652F5851}.Release|ARM.Build.0 = Release|Any CPU
		{FE6B60EA-5FAE-471C-AD0E-EB87652F5851}.Release|ARM64.ActiveCfg = Release|Any CPU
		{FE6B60EA-5FAE-471C-AD0E-EB87652F5851}.Release|ARM64.Build.0 = Release|Any CPU
		{FE6B60EA-5FAE-471C-AD0E-EB87652F5851}.Release|x64.ActiveCfg = Release|Any CPU
		{FE6B60EA-5FAE-471C-AD0E-EB87652F5851}.Release|x64.Build.0 = Release|Any CPU
		{FE6B60EA-5FAE-471C-AD0E-EB87652F5851}.Release|x86.ActiveCfg = Release|Any CPU
		{FE6B60EA-5FAE-471C-AD0E-EB87652F5851}.Release|x86.Build.0 = Release|Any CPU
		{BA124335-6B33-4E13-A394-590EE673A566}.Debug|Any CPU.ActiveCfg = Debug|Any CPU
		{BA124335-6B33-4E13-A394-590EE673A566}.Debug|Any CPU.Build.0 = Debug|Any CPU
		{BA124335-6B33-4E13-A394-590EE673A566}.Debug|ARM.ActiveCfg = Debug|Any CPU
		{BA124335-6B33-4E13-A394-590EE673A566}.Debug|ARM.Build.0 = Debug|Any CPU
		{BA124335-6B33-4E13-A394-590EE673A566}.Debug|ARM64.ActiveCfg = Debug|Any CPU
		{BA124335-6B33-4E13-A394-590EE673A566}.Debug|ARM64.Build.0 = Debug|Any CPU
		{BA124335-6B33-4E13-A394-590EE673A566}.Debug|x64.ActiveCfg = Debug|x64
		{BA124335-6B33-4E13-A394-590EE673A566}.Debug|x64.Build.0 = Debug|x64
		{BA124335-6B33-4E13-A394-590EE673A566}.Debug|x86.ActiveCfg = Debug|x86
		{BA124335-6B33-4E13-A394-590EE673A566}.Debug|x86.Build.0 = Debug|x86
		{BA124335-6B33-4E13-A394-590EE673A566}.Release|Any CPU.ActiveCfg = Release|Any CPU
		{BA124335-6B33-4E13-A394-590EE673A566}.Release|Any CPU.Build.0 = Release|Any CPU
		{BA124335-6B33-4E13-A394-590EE673A566}.Release|ARM.ActiveCfg = Release|Any CPU
		{BA124335-6B33-4E13-A394-590EE673A566}.Release|ARM.Build.0 = Release|Any CPU
		{BA124335-6B33-4E13-A394-590EE673A566}.Release|ARM64.ActiveCfg = Release|Any CPU
		{BA124335-6B33-4E13-A394-590EE673A566}.Release|ARM64.Build.0 = Release|Any CPU
		{BA124335-6B33-4E13-A394-590EE673A566}.Release|x64.ActiveCfg = Release|Any CPU
		{BA124335-6B33-4E13-A394-590EE673A566}.Release|x64.Build.0 = Release|Any CPU
		{BA124335-6B33-4E13-A394-590EE673A566}.Release|x86.ActiveCfg = Release|Any CPU
		{BA124335-6B33-4E13-A394-590EE673A566}.Release|x86.Build.0 = Release|Any CPU
		{1A3F6C6E-A85C-407D-A602-336248F05416}.Debug|Any CPU.ActiveCfg = Debug|Any CPU
		{1A3F6C6E-A85C-407D-A602-336248F05416}.Debug|Any CPU.Build.0 = Debug|Any CPU
		{1A3F6C6E-A85C-407D-A602-336248F05416}.Debug|ARM.ActiveCfg = Debug|Any CPU
		{1A3F6C6E-A85C-407D-A602-336248F05416}.Debug|ARM.Build.0 = Debug|Any CPU
		{1A3F6C6E-A85C-407D-A602-336248F05416}.Debug|ARM64.ActiveCfg = Debug|Any CPU
		{1A3F6C6E-A85C-407D-A602-336248F05416}.Debug|ARM64.Build.0 = Debug|Any CPU
		{1A3F6C6E-A85C-407D-A602-336248F05416}.Debug|x64.ActiveCfg = Debug|x64
		{1A3F6C6E-A85C-407D-A602-336248F05416}.Debug|x64.Build.0 = Debug|x64
		{1A3F6C6E-A85C-407D-A602-336248F05416}.Debug|x86.ActiveCfg = Debug|x86
		{1A3F6C6E-A85C-407D-A602-336248F05416}.Debug|x86.Build.0 = Debug|x86
		{1A3F6C6E-A85C-407D-A602-336248F05416}.Release|Any CPU.ActiveCfg = Release|Any CPU
		{1A3F6C6E-A85C-407D-A602-336248F05416}.Release|Any CPU.Build.0 = Release|Any CPU
		{1A3F6C6E-A85C-407D-A602-336248F05416}.Release|ARM.ActiveCfg = Release|Any CPU
		{1A3F6C6E-A85C-407D-A602-336248F05416}.Release|ARM.Build.0 = Release|Any CPU
		{1A3F6C6E-A85C-407D-A602-336248F05416}.Release|ARM64.ActiveCfg = Release|Any CPU
		{1A3F6C6E-A85C-407D-A602-336248F05416}.Release|ARM64.Build.0 = Release|Any CPU
		{1A3F6C6E-A85C-407D-A602-336248F05416}.Release|x64.ActiveCfg = Release|Any CPU
		{1A3F6C6E-A85C-407D-A602-336248F05416}.Release|x64.Build.0 = Release|Any CPU
		{1A3F6C6E-A85C-407D-A602-336248F05416}.Release|x86.ActiveCfg = Release|Any CPU
		{1A3F6C6E-A85C-407D-A602-336248F05416}.Release|x86.Build.0 = Release|Any CPU
		{6017ECA9-D06A-4E4D-9875-B781F980CAA2}.Debug|Any CPU.ActiveCfg = Debug|Any CPU
		{6017ECA9-D06A-4E4D-9875-B781F980CAA2}.Debug|Any CPU.Build.0 = Debug|Any CPU
		{6017ECA9-D06A-4E4D-9875-B781F980CAA2}.Debug|ARM.ActiveCfg = Debug|Any CPU
		{6017ECA9-D06A-4E4D-9875-B781F980CAA2}.Debug|ARM.Build.0 = Debug|Any CPU
		{6017ECA9-D06A-4E4D-9875-B781F980CAA2}.Debug|ARM64.ActiveCfg = Debug|Any CPU
		{6017ECA9-D06A-4E4D-9875-B781F980CAA2}.Debug|ARM64.Build.0 = Debug|Any CPU
		{6017ECA9-D06A-4E4D-9875-B781F980CAA2}.Debug|x64.ActiveCfg = Debug|x64
		{6017ECA9-D06A-4E4D-9875-B781F980CAA2}.Debug|x64.Build.0 = Debug|x64
		{6017ECA9-D06A-4E4D-9875-B781F980CAA2}.Debug|x86.ActiveCfg = Debug|x86
		{6017ECA9-D06A-4E4D-9875-B781F980CAA2}.Debug|x86.Build.0 = Debug|x86
		{6017ECA9-D06A-4E4D-9875-B781F980CAA2}.Release|Any CPU.ActiveCfg = Release|Any CPU
		{6017ECA9-D06A-4E4D-9875-B781F980CAA2}.Release|Any CPU.Build.0 = Release|Any CPU
		{6017ECA9-D06A-4E4D-9875-B781F980CAA2}.Release|ARM.ActiveCfg = Release|Any CPU
		{6017ECA9-D06A-4E4D-9875-B781F980CAA2}.Release|ARM.Build.0 = Release|Any CPU
		{6017ECA9-D06A-4E4D-9875-B781F980CAA2}.Release|ARM64.ActiveCfg = Release|Any CPU
		{6017ECA9-D06A-4E4D-9875-B781F980CAA2}.Release|ARM64.Build.0 = Release|Any CPU
		{6017ECA9-D06A-4E4D-9875-B781F980CAA2}.Release|x64.ActiveCfg = Release|Any CPU
		{6017ECA9-D06A-4E4D-9875-B781F980CAA2}.Release|x64.Build.0 = Release|Any CPU
		{6017ECA9-D06A-4E4D-9875-B781F980CAA2}.Release|x86.ActiveCfg = Release|Any CPU
		{6017ECA9-D06A-4E4D-9875-B781F980CAA2}.Release|x86.Build.0 = Release|Any CPU
		{56117584-9D28-4745-9E5A-A4EE7A302613}.Debug|Any CPU.ActiveCfg = Debug|x86
		{56117584-9D28-4745-9E5A-A4EE7A302613}.Debug|ARM.ActiveCfg = Debug|ARM
		{56117584-9D28-4745-9E5A-A4EE7A302613}.Debug|ARM.Build.0 = Debug|ARM
		{56117584-9D28-4745-9E5A-A4EE7A302613}.Debug|ARM.Deploy.0 = Debug|ARM
		{56117584-9D28-4745-9E5A-A4EE7A302613}.Debug|ARM64.ActiveCfg = Debug|ARM64
		{56117584-9D28-4745-9E5A-A4EE7A302613}.Debug|ARM64.Build.0 = Debug|ARM64
		{56117584-9D28-4745-9E5A-A4EE7A302613}.Debug|ARM64.Deploy.0 = Debug|ARM64
		{56117584-9D28-4745-9E5A-A4EE7A302613}.Debug|x64.ActiveCfg = Debug|x64
		{56117584-9D28-4745-9E5A-A4EE7A302613}.Debug|x64.Build.0 = Debug|x64
		{56117584-9D28-4745-9E5A-A4EE7A302613}.Debug|x64.Deploy.0 = Debug|x64
		{56117584-9D28-4745-9E5A-A4EE7A302613}.Debug|x86.ActiveCfg = Debug|x86
		{56117584-9D28-4745-9E5A-A4EE7A302613}.Debug|x86.Build.0 = Debug|x86
		{56117584-9D28-4745-9E5A-A4EE7A302613}.Debug|x86.Deploy.0 = Debug|x86
		{56117584-9D28-4745-9E5A-A4EE7A302613}.Release|Any CPU.ActiveCfg = Release|x86
		{56117584-9D28-4745-9E5A-A4EE7A302613}.Release|ARM.ActiveCfg = Release|ARM
		{56117584-9D28-4745-9E5A-A4EE7A302613}.Release|ARM.Build.0 = Release|ARM
		{56117584-9D28-4745-9E5A-A4EE7A302613}.Release|ARM.Deploy.0 = Release|ARM
		{56117584-9D28-4745-9E5A-A4EE7A302613}.Release|ARM64.ActiveCfg = Release|ARM64
		{56117584-9D28-4745-9E5A-A4EE7A302613}.Release|ARM64.Build.0 = Release|ARM64
		{56117584-9D28-4745-9E5A-A4EE7A302613}.Release|ARM64.Deploy.0 = Release|ARM64
		{56117584-9D28-4745-9E5A-A4EE7A302613}.Release|x64.ActiveCfg = Release|x64
		{56117584-9D28-4745-9E5A-A4EE7A302613}.Release|x64.Build.0 = Release|x64
		{56117584-9D28-4745-9E5A-A4EE7A302613}.Release|x64.Deploy.0 = Release|x64
		{56117584-9D28-4745-9E5A-A4EE7A302613}.Release|x86.ActiveCfg = Release|x86
		{56117584-9D28-4745-9E5A-A4EE7A302613}.Release|x86.Build.0 = Release|x86
		{56117584-9D28-4745-9E5A-A4EE7A302613}.Release|x86.Deploy.0 = Release|x86
		{7CF6B00C-3E78-4909-AD38-8088045E7DB8}.Debug|Any CPU.ActiveCfg = Debug|Any CPU
		{7CF6B00C-3E78-4909-AD38-8088045E7DB8}.Debug|Any CPU.Build.0 = Debug|Any CPU
		{7CF6B00C-3E78-4909-AD38-8088045E7DB8}.Debug|ARM.ActiveCfg = Debug|Any CPU
		{7CF6B00C-3E78-4909-AD38-8088045E7DB8}.Debug|ARM.Build.0 = Debug|Any CPU
		{7CF6B00C-3E78-4909-AD38-8088045E7DB8}.Debug|ARM64.ActiveCfg = Debug|Any CPU
		{7CF6B00C-3E78-4909-AD38-8088045E7DB8}.Debug|ARM64.Build.0 = Debug|Any CPU
		{7CF6B00C-3E78-4909-AD38-8088045E7DB8}.Debug|x64.ActiveCfg = Debug|Any CPU
		{7CF6B00C-3E78-4909-AD38-8088045E7DB8}.Debug|x64.Build.0 = Debug|Any CPU
		{7CF6B00C-3E78-4909-AD38-8088045E7DB8}.Debug|x86.ActiveCfg = Debug|x86
		{7CF6B00C-3E78-4909-AD38-8088045E7DB8}.Debug|x86.Build.0 = Debug|x86
		{7CF6B00C-3E78-4909-AD38-8088045E7DB8}.Release|Any CPU.ActiveCfg = Release|Any CPU
		{7CF6B00C-3E78-4909-AD38-8088045E7DB8}.Release|Any CPU.Build.0 = Release|Any CPU
		{7CF6B00C-3E78-4909-AD38-8088045E7DB8}.Release|ARM.ActiveCfg = Release|Any CPU
		{7CF6B00C-3E78-4909-AD38-8088045E7DB8}.Release|ARM.Build.0 = Release|Any CPU
		{7CF6B00C-3E78-4909-AD38-8088045E7DB8}.Release|ARM64.ActiveCfg = Release|Any CPU
		{7CF6B00C-3E78-4909-AD38-8088045E7DB8}.Release|ARM64.Build.0 = Release|Any CPU
		{7CF6B00C-3E78-4909-AD38-8088045E7DB8}.Release|x64.ActiveCfg = Release|Any CPU
		{7CF6B00C-3E78-4909-AD38-8088045E7DB8}.Release|x64.Build.0 = Release|Any CPU
		{7CF6B00C-3E78-4909-AD38-8088045E7DB8}.Release|x86.ActiveCfg = Release|Any CPU
		{7CF6B00C-3E78-4909-AD38-8088045E7DB8}.Release|x86.Build.0 = Release|Any CPU
		{7D004A62-C2E3-4111-A6A9-1541AD59A1BC}.Debug|Any CPU.ActiveCfg = Debug|Any CPU
		{7D004A62-C2E3-4111-A6A9-1541AD59A1BC}.Debug|Any CPU.Build.0 = Debug|Any CPU
		{7D004A62-C2E3-4111-A6A9-1541AD59A1BC}.Debug|ARM.ActiveCfg = Debug|Any CPU
		{7D004A62-C2E3-4111-A6A9-1541AD59A1BC}.Debug|ARM.Build.0 = Debug|Any CPU
		{7D004A62-C2E3-4111-A6A9-1541AD59A1BC}.Debug|ARM64.ActiveCfg = Debug|Any CPU
		{7D004A62-C2E3-4111-A6A9-1541AD59A1BC}.Debug|ARM64.Build.0 = Debug|Any CPU
		{7D004A62-C2E3-4111-A6A9-1541AD59A1BC}.Debug|x64.ActiveCfg = Debug|x64
		{7D004A62-C2E3-4111-A6A9-1541AD59A1BC}.Debug|x64.Build.0 = Debug|x64
		{7D004A62-C2E3-4111-A6A9-1541AD59A1BC}.Debug|x86.ActiveCfg = Debug|x86
		{7D004A62-C2E3-4111-A6A9-1541AD59A1BC}.Debug|x86.Build.0 = Debug|x86
		{7D004A62-C2E3-4111-A6A9-1541AD59A1BC}.Release|Any CPU.ActiveCfg = Release|Any CPU
		{7D004A62-C2E3-4111-A6A9-1541AD59A1BC}.Release|Any CPU.Build.0 = Release|Any CPU
		{7D004A62-C2E3-4111-A6A9-1541AD59A1BC}.Release|ARM.ActiveCfg = Release|Any CPU
		{7D004A62-C2E3-4111-A6A9-1541AD59A1BC}.Release|ARM.Build.0 = Release|Any CPU
		{7D004A62-C2E3-4111-A6A9-1541AD59A1BC}.Release|ARM64.ActiveCfg = Release|Any CPU
		{7D004A62-C2E3-4111-A6A9-1541AD59A1BC}.Release|ARM64.Build.0 = Release|Any CPU
		{7D004A62-C2E3-4111-A6A9-1541AD59A1BC}.Release|x64.ActiveCfg = Release|x64
		{7D004A62-C2E3-4111-A6A9-1541AD59A1BC}.Release|x64.Build.0 = Release|x64
		{7D004A62-C2E3-4111-A6A9-1541AD59A1BC}.Release|x86.ActiveCfg = Release|x86
		{7D004A62-C2E3-4111-A6A9-1541AD59A1BC}.Release|x86.Build.0 = Release|x86
	EndGlobalSection
	GlobalSection(SolutionProperties) = preSolution
		HideSolutionNode = FALSE
	EndGlobalSection
	GlobalSection(NestedProjects) = preSolution
		{D9981BE2-4C97-48FB-A576-98D6707E6B7F} = {01DEBF4B-67E9-4AAC-89FA-E299416150C5}
		{E7C2CE4F-7529-4855-9B73-D176636C340C} = {0556A7C6-98F8-40A2-B37D-B2952D57AC28}
		{FE6B60EA-5FAE-471C-AD0E-EB87652F5851} = {20FF61B2-E279-4A75-951E-D7CA0CFF9D6A}
		{BA124335-6B33-4E13-A394-590EE673A566} = {20FF61B2-E279-4A75-951E-D7CA0CFF9D6A}
		{1A3F6C6E-A85C-407D-A602-336248F05416} = {01DEBF4B-67E9-4AAC-89FA-E299416150C5}
		{6017ECA9-D06A-4E4D-9875-B781F980CAA2} = {20FF61B2-E279-4A75-951E-D7CA0CFF9D6A}
		{BB7DC064-D317-438A-B4A1-59BC7E1F199D} = {72F9F3C0-88D5-474A-8A9B-F917E914425B}
		{01DEBF4B-67E9-4AAC-89FA-E299416150C5} = {72F9F3C0-88D5-474A-8A9B-F917E914425B}
		{0556A7C6-98F8-40A2-B37D-B2952D57AC28} = {72F9F3C0-88D5-474A-8A9B-F917E914425B}
		{56117584-9D28-4745-9E5A-A4EE7A302613} = {BB7DC064-D317-438A-B4A1-59BC7E1F199D}
		{7CF6B00C-3E78-4909-AD38-8088045E7DB8} = {20FF61B2-E279-4A75-951E-D7CA0CFF9D6A}
		{7D004A62-C2E3-4111-A6A9-1541AD59A1BC} = {01DEBF4B-67E9-4AAC-89FA-E299416150C5}
	EndGlobalSection
	GlobalSection(ExtensibilityGlobals) = postSolution
		SolutionGuid = {C77293DB-A4E5-4276-9C0D-4D3BD6D6A778}
	EndGlobalSection
EndGlobal
