
Microsoft Visual Studio Solution File, Format Version 12.00
# Visual Studio Version 16
VisualStudioVersion = 16.0.29905.134
MinimumVisualStudioVersion = 10.0.40219.1
Project("{FAE04EC0-301F-11D3-BF4B-00C04F79EFBC}") = "TimeTracker.Application", "Source\TimeTracker.Application\TimeTracker.Application.csproj", "{D9981BE2-4C97-48FB-A576-98D6707E6B7F}"
EndProject
Project("{FAE04EC0-301F-11D3-BF4B-00C04F79EFBC}") = "TimeTracker.Infrastructure", "Source\TimeTracker.Infrastructure\TimeTracker.Infrastructure.csproj", "{E7C2CE4F-7529-4855-9B73-D176636C340C}"
EndProject
Project("{2150E333-8FDC-42A3-9474-1A3956D46DE8}") = "Source", "Source", "{72F9F3C0-88D5-474A-8A9B-F917E914425B}"
EndProject
Project("{2150E333-8FDC-42A3-9474-1A3956D46DE8}") = "Tests", "Tests", "{20FF61B2-E279-4A75-951E-D7CA0CFF9D6A}"
EndProject
Project("{FAE04EC0-301F-11D3-BF4B-00C04F79EFBC}") = "TimeTracker.Domain.UnitTests", "Tests\TimeTracker.Domain.UnitTests\TimeTracker.Domain.UnitTests.csproj", "{FE6B60EA-5FAE-471C-AD0E-EB87652F5851}"
EndProject
Project("{FAE04EC0-301F-11D3-BF4B-00C04F79EFBC}") = "TimeTracker.Infrastructure.IntegrationTests", "Tests\TimeTracker.Infrastructure.IntegrationTests\TimeTracker.Infrastructure.IntegrationTests.csproj", "{BA124335-6B33-4E13-A394-590EE673A566}"
EndProject
Project("{FAE04EC0-301F-11D3-BF4B-00C04F79EFBC}") = "TimeTracker.Api.IntegrationTests", "Tests\TimeTracker.Api.IntegrationTests\TimeTracker.Api.IntegrationTests.csproj", "{8C1B7133-C41F-4B38-84F7-93A2D2A2C82C}"
EndProject
Project("{9A19103F-16F7-4668-BE54-9A1E7A4F7556}") = "TimeTracker.Api", "Source\TimeTracker.Api\TimeTracker.Api.csproj", "{8FF55E1C-B169-4B86-8810-3535915C9891}"
EndProject
Project("{9A19103F-16F7-4668-BE54-9A1E7A4F7556}") = "TimeTracker.DataAccess", "Source\TimeTracker.DataAccess\TimeTracker.DataAccess.csproj", "{B840371E-FD54-438C-B920-B8647657B129}"
EndProject
Project("{9A19103F-16F7-4668-BE54-9A1E7A4F7556}") = "TimeTracker.Domain", "Source\TimeTracker.Domain\TimeTracker.Domain.csproj", "{1A3F6C6E-A85C-407D-A602-336248F05416}"
EndProject
Project("{2150E333-8FDC-42A3-9474-1A3956D46DE8}") = "Solution Items", "Solution Items", "{BCEF6E50-EAE3-4CAE-A379-03F8BC14CE72}"
	ProjectSection(SolutionItems) = preProject
		.editorconfig = .editorconfig
	EndProjectSection
EndProject
Project("{9A19103F-16F7-4668-BE54-9A1E7A4F7556}") = "TimeTracker.Application.UnitTests", "Tests\TimeTracker.Application.UnitTests\TimeTracker.Application.UnitTests.csproj", "{6017ECA9-D06A-4E4D-9875-B781F980CAA2}"
EndProject
Global
	GlobalSection(SolutionConfigurationPlatforms) = preSolution
		Debug|Any CPU = Debug|Any CPU
		Release|Any CPU = Release|Any CPU
	EndGlobalSection
	GlobalSection(ProjectConfigurationPlatforms) = postSolution
		{D9981BE2-4C97-48FB-A576-98D6707E6B7F}.Debug|Any CPU.ActiveCfg = Debug|Any CPU
		{D9981BE2-4C97-48FB-A576-98D6707E6B7F}.Debug|Any CPU.Build.0 = Debug|Any CPU
		{D9981BE2-4C97-48FB-A576-98D6707E6B7F}.Release|Any CPU.ActiveCfg = Release|Any CPU
		{D9981BE2-4C97-48FB-A576-98D6707E6B7F}.Release|Any CPU.Build.0 = Release|Any CPU
		{E7C2CE4F-7529-4855-9B73-D176636C340C}.Debug|Any CPU.ActiveCfg = Debug|Any CPU
		{E7C2CE4F-7529-4855-9B73-D176636C340C}.Debug|Any CPU.Build.0 = Debug|Any CPU
		{E7C2CE4F-7529-4855-9B73-D176636C340C}.Release|Any CPU.ActiveCfg = Release|Any CPU
		{E7C2CE4F-7529-4855-9B73-D176636C340C}.Release|Any CPU.Build.0 = Release|Any CPU
		{FE6B60EA-5FAE-471C-AD0E-EB87652F5851}.Debug|Any CPU.ActiveCfg = Debug|Any CPU
		{FE6B60EA-5FAE-471C-AD0E-EB87652F5851}.Debug|Any CPU.Build.0 = Debug|Any CPU
		{FE6B60EA-5FAE-471C-AD0E-EB87652F5851}.Release|Any CPU.ActiveCfg = Release|Any CPU
		{FE6B60EA-5FAE-471C-AD0E-EB87652F5851}.Release|Any CPU.Build.0 = Release|Any CPU
		{BA124335-6B33-4E13-A394-590EE673A566}.Debug|Any CPU.ActiveCfg = Debug|Any CPU
		{BA124335-6B33-4E13-A394-590EE673A566}.Debug|Any CPU.Build.0 = Debug|Any CPU
		{BA124335-6B33-4E13-A394-590EE673A566}.Release|Any CPU.ActiveCfg = Release|Any CPU
		{BA124335-6B33-4E13-A394-590EE673A566}.Release|Any CPU.Build.0 = Release|Any CPU
		{8C1B7133-C41F-4B38-84F7-93A2D2A2C82C}.Debug|Any CPU.ActiveCfg = Debug|Any CPU
		{8C1B7133-C41F-4B38-84F7-93A2D2A2C82C}.Debug|Any CPU.Build.0 = Debug|Any CPU
		{8C1B7133-C41F-4B38-84F7-93A2D2A2C82C}.Release|Any CPU.ActiveCfg = Release|Any CPU
		{8C1B7133-C41F-4B38-84F7-93A2D2A2C82C}.Release|Any CPU.Build.0 = Release|Any CPU
		{8FF55E1C-B169-4B86-8810-3535915C9891}.Debug|Any CPU.ActiveCfg = Debug|Any CPU
		{8FF55E1C-B169-4B86-8810-3535915C9891}.Debug|Any CPU.Build.0 = Debug|Any CPU
		{8FF55E1C-B169-4B86-8810-3535915C9891}.Release|Any CPU.ActiveCfg = Release|Any CPU
		{8FF55E1C-B169-4B86-8810-3535915C9891}.Release|Any CPU.Build.0 = Release|Any CPU
		{B840371E-FD54-438C-B920-B8647657B129}.Debug|Any CPU.ActiveCfg = Debug|Any CPU
		{B840371E-FD54-438C-B920-B8647657B129}.Debug|Any CPU.Build.0 = Debug|Any CPU
		{B840371E-FD54-438C-B920-B8647657B129}.Release|Any CPU.ActiveCfg = Release|Any CPU
		{B840371E-FD54-438C-B920-B8647657B129}.Release|Any CPU.Build.0 = Release|Any CPU
		{1A3F6C6E-A85C-407D-A602-336248F05416}.Debug|Any CPU.ActiveCfg = Debug|Any CPU
		{1A3F6C6E-A85C-407D-A602-336248F05416}.Debug|Any CPU.Build.0 = Debug|Any CPU
		{1A3F6C6E-A85C-407D-A602-336248F05416}.Release|Any CPU.ActiveCfg = Release|Any CPU
		{1A3F6C6E-A85C-407D-A602-336248F05416}.Release|Any CPU.Build.0 = Release|Any CPU
		{6017ECA9-D06A-4E4D-9875-B781F980CAA2}.Debug|Any CPU.ActiveCfg = Debug|Any CPU
		{6017ECA9-D06A-4E4D-9875-B781F980CAA2}.Debug|Any CPU.Build.0 = Debug|Any CPU
		{6017ECA9-D06A-4E4D-9875-B781F980CAA2}.Release|Any CPU.ActiveCfg = Release|Any CPU
		{6017ECA9-D06A-4E4D-9875-B781F980CAA2}.Release|Any CPU.Build.0 = Release|Any CPU
	EndGlobalSection
	GlobalSection(SolutionProperties) = preSolution
		HideSolutionNode = FALSE
	EndGlobalSection
	GlobalSection(NestedProjects) = preSolution
		{D9981BE2-4C97-48FB-A576-98D6707E6B7F} = {72F9F3C0-88D5-474A-8A9B-F917E914425B}
		{E7C2CE4F-7529-4855-9B73-D176636C340C} = {72F9F3C0-88D5-474A-8A9B-F917E914425B}
		{FE6B60EA-5FAE-471C-AD0E-EB87652F5851} = {20FF61B2-E279-4A75-951E-D7CA0CFF9D6A}
		{BA124335-6B33-4E13-A394-590EE673A566} = {20FF61B2-E279-4A75-951E-D7CA0CFF9D6A}
		{8C1B7133-C41F-4B38-84F7-93A2D2A2C82C} = {20FF61B2-E279-4A75-951E-D7CA0CFF9D6A}
		{8FF55E1C-B169-4B86-8810-3535915C9891} = {72F9F3C0-88D5-474A-8A9B-F917E914425B}
		{B840371E-FD54-438C-B920-B8647657B129} = {72F9F3C0-88D5-474A-8A9B-F917E914425B}
		{1A3F6C6E-A85C-407D-A602-336248F05416} = {72F9F3C0-88D5-474A-8A9B-F917E914425B}
		{6017ECA9-D06A-4E4D-9875-B781F980CAA2} = {20FF61B2-E279-4A75-951E-D7CA0CFF9D6A}
	EndGlobalSection
	GlobalSection(ExtensibilityGlobals) = postSolution
		SolutionGuid = {C77293DB-A4E5-4276-9C0D-4D3BD6D6A778}
	EndGlobalSection
EndGlobal
