
Microsoft Visual Studio Solution File, Format Version 12.00
# Visual Studio Version 16
VisualStudioVersion = 16.0.29905.134
MinimumVisualStudioVersion = 10.0.40219.1
Project("{9A19103F-16F7-4668-BE54-9A1E7A4F7556}") = "TimeTracker.Application", "Source\TimeTracker.Application\TimeTracker.Application.csproj", "{D9981BE2-4C97-48FB-A576-98D6707E6B7F}"
EndProject
Project("{2150E333-8FDC-42A3-9474-1A3956D46DE8}") = "Source", "Source", "{72F9F3C0-88D5-474A-8A9B-F917E914425B}"
EndProject
Project("{2150E333-8FDC-42A3-9474-1A3956D46DE8}") = "Tests", "Tests", "{20FF61B2-E279-4A75-951E-D7CA0CFF9D6A}"
EndProject
Project("{9A19103F-16F7-4668-BE54-9A1E7A4F7556}") = "TimeTracker.Domain.UnitTests", "Tests\TimeTracker.Domain.UnitTests\TimeTracker.Domain.UnitTests.csproj", "{FE6B60EA-5FAE-471C-AD0E-EB87652F5851}"
EndProject
Project("{9A19103F-16F7-4668-BE54-9A1E7A4F7556}") = "TimeTracker.Infrastructure.IntegrationTests", "Tests\TimeTracker.Infrastructure.IntegrationTests\TimeTracker.Infrastructure.IntegrationTests.csproj", "{BA124335-6B33-4E13-A394-590EE673A566}"
EndProject
Project("{9A19103F-16F7-4668-BE54-9A1E7A4F7556}") = "TimeTracker.Domain", "Source\TimeTracker.Domain\TimeTracker.Domain.csproj", "{1A3F6C6E-A85C-407D-A602-336248F05416}"
EndProject
Project("{2150E333-8FDC-42A3-9474-1A3956D46DE8}") = "Solution Items", "Solution Items", "{BCEF6E50-EAE3-4CAE-A379-03F8BC14CE72}"
	ProjectSection(SolutionItems) = preProject
		.editorconfig = .editorconfig
	EndProjectSection
EndProject
Project("{9A19103F-16F7-4668-BE54-9A1E7A4F7556}") = "TimeTracker.Application.UnitTests", "Tests\TimeTracker.Application.UnitTests\TimeTracker.Application.UnitTests.csproj", "{6017ECA9-D06A-4E4D-9875-B781F980CAA2}"
EndProject
Project("{2150E333-8FDC-42A3-9474-1A3956D46DE8}") = "Precentation", "Precentation", "{BB7DC064-D317-438A-B4A1-59BC7E1F199D}"
EndProject
Project("{2150E333-8FDC-42A3-9474-1A3956D46DE8}") = "Core", "Core", "{01DEBF4B-67E9-4AAC-89FA-E299416150C5}"
EndProject
Project("{2150E333-8FDC-42A3-9474-1A3956D46DE8}") = "Infrastructure", "Infrastructure", "{0556A7C6-98F8-40A2-B37D-B2952D57AC28}"
EndProject
Project("{9A19103F-16F7-4668-BE54-9A1E7A4F7556}") = "TimeTracker.Tests.Common", "Tests\TimeTracker.Tests.Common\TimeTracker.Tests.Common.csproj", "{7CF6B00C-3E78-4909-AD38-8088045E7DB8}"
EndProject
Project("{9A19103F-16F7-4668-BE54-9A1E7A4F7556}") = "TimeTracker.Core", "Source\TimeTracker.Core\TimeTracker.Core.csproj", "{7D004A62-C2E3-4111-A6A9-1541AD59A1BC}"
EndProject
Project("{2150E333-8FDC-42A3-9474-1A3956D46DE8}") = "Application", "Application", "{A5186AFA-8C9F-4119-B0C2-BEEDB1C5CD0F}"
EndProject
Project("{9A19103F-16F7-4668-BE54-9A1E7A4F7556}") = "TimeTracker.Xamarin", "Source\TimeTracker.Xamarin\TimeTracker.Xamarin.csproj", "{3AA98A34-5B0C-4B6B-B8F5-A33C5E7C71F9}"
EndProject
Project("{FAE04EC0-301F-11D3-BF4B-00C04F79EFBC}") = "TimeTracker.Android", "Source\TimeTracker.Android\TimeTracker.Android.csproj", "{E96C37D8-81AF-4FA3-A1D5-39F50C35E634}"
EndProject
Project("{FAE04EC0-301F-11D3-BF4B-00C04F79EFBC}") = "TimeTracker.UWP", "Source\TimeTracker.UWP\TimeTracker.UWP.csproj", "{40CCD5D2-8953-42F9-89D5-EE0F172B464B}"
EndProject
Project("{9A19103F-16F7-4668-BE54-9A1E7A4F7556}") = "TimeTracker.EF6", "Source\TimeTracker.EF6\TimeTracker.EF6.csproj", "{C1BC8361-D23A-44FD-A34D-3F3929B297AD}"
EndProject
Project("{9A19103F-16F7-4668-BE54-9A1E7A4F7556}") = "Xamarin.Forms.PowerControls", "Source\Xamarin.Forms.PowerControls\Xamarin.Forms.PowerControls.csproj", "{1E1CBC7A-DBAB-4678-B199-70F236ABB917}"
EndProject
Global
	GlobalSection(SolutionConfigurationPlatforms) = preSolution
		Debug|Any CPU = Debug|Any CPU
		Debug|ARM = Debug|ARM
		Debug|ARM64 = Debug|ARM64
		Debug|x64 = Debug|x64
		Debug|x86 = Debug|x86
		Release|Any CPU = Release|Any CPU
		Release|ARM = Release|ARM
		Release|ARM64 = Release|ARM64
		Release|x64 = Release|x64
		Release|x86 = Release|x86
	EndGlobalSection
	GlobalSection(ProjectConfigurationPlatforms) = postSolution
		{D9981BE2-4C97-48FB-A576-98D6707E6B7F}.Debug|Any CPU.ActiveCfg = Debug|Any CPU
		{D9981BE2-4C97-48FB-A576-98D6707E6B7F}.Debug|Any CPU.Build.0 = Debug|Any CPU
		{D9981BE2-4C97-48FB-A576-98D6707E6B7F}.Debug|ARM.ActiveCfg = Debug|Any CPU
		{D9981BE2-4C97-48FB-A576-98D6707E6B7F}.Debug|ARM.Build.0 = Debug|Any CPU
		{D9981BE2-4C97-48FB-A576-98D6707E6B7F}.Debug|ARM64.ActiveCfg = Debug|Any CPU
		{D9981BE2-4C97-48FB-A576-98D6707E6B7F}.Debug|ARM64.Build.0 = Debug|Any CPU
		{D9981BE2-4C97-48FB-A576-98D6707E6B7F}.Debug|x64.ActiveCfg = Debug|x64
		{D9981BE2-4C97-48FB-A576-98D6707E6B7F}.Debug|x64.Build.0 = Debug|x64
		{D9981BE2-4C97-48FB-A576-98D6707E6B7F}.Debug|x86.ActiveCfg = Debug|x86
		{D9981BE2-4C97-48FB-A576-98D6707E6B7F}.Debug|x86.Build.0 = Debug|x86
		{D9981BE2-4C97-48FB-A576-98D6707E6B7F}.Release|Any CPU.ActiveCfg = Release|Any CPU
		{D9981BE2-4C97-48FB-A576-98D6707E6B7F}.Release|Any CPU.Build.0 = Release|Any CPU
		{D9981BE2-4C97-48FB-A576-98D6707E6B7F}.Release|ARM.ActiveCfg = Release|Any CPU
		{D9981BE2-4C97-48FB-A576-98D6707E6B7F}.Release|ARM.Build.0 = Release|Any CPU
		{D9981BE2-4C97-48FB-A576-98D6707E6B7F}.Release|ARM64.ActiveCfg = Release|Any CPU
		{D9981BE2-4C97-48FB-A576-98D6707E6B7F}.Release|ARM64.Build.0 = Release|Any CPU
		{D9981BE2-4C97-48FB-A576-98D6707E6B7F}.Release|x64.ActiveCfg = Release|Any CPU
		{D9981BE2-4C97-48FB-A576-98D6707E6B7F}.Release|x64.Build.0 = Release|Any CPU
		{D9981BE2-4C97-48FB-A576-98D6707E6B7F}.Release|x86.ActiveCfg = Release|Any CPU
		{D9981BE2-4C97-48FB-A576-98D6707E6B7F}.Release|x86.Build.0 = Release|Any CPU
		{FE6B60EA-5FAE-471C-AD0E-EB87652F5851}.Debug|Any CPU.ActiveCfg = Debug|Any CPU
		{FE6B60EA-5FAE-471C-AD0E-EB87652F5851}.Debug|Any CPU.Build.0 = Debug|Any CPU
		{FE6B60EA-5FAE-471C-AD0E-EB87652F5851}.Debug|ARM.ActiveCfg = Debug|Any CPU
		{FE6B60EA-5FAE-471C-AD0E-EB87652F5851}.Debug|ARM.Build.0 = Debug|Any CPU
		{FE6B60EA-5FAE-471C-AD0E-EB87652F5851}.Debug|ARM64.ActiveCfg = Debug|Any CPU
		{FE6B60EA-5FAE-471C-AD0E-EB87652F5851}.Debug|ARM64.Build.0 = Debug|Any CPU
		{FE6B60EA-5FAE-471C-AD0E-EB87652F5851}.Debug|x64.ActiveCfg = Debug|x64
		{FE6B60EA-5FAE-471C-AD0E-EB87652F5851}.Debug|x64.Build.0 = Debug|x64
		{FE6B60EA-5FAE-471C-AD0E-EB87652F5851}.Debug|x86.ActiveCfg = Debug|x86
		{FE6B60EA-5FAE-471C-AD0E-EB87652F5851}.Debug|x86.Build.0 = Debug|x86
		{FE6B60EA-5FAE-471C-AD0E-EB87652F5851}.Release|Any CPU.ActiveCfg = Release|Any CPU
		{FE6B60EA-5FAE-471C-AD0E-EB87652F5851}.Release|Any CPU.Build.0 = Release|Any CPU
		{FE6B60EA-5FAE-471C-AD0E-EB87652F5851}.Release|ARM.ActiveCfg = Release|Any CPU
		{FE6B60EA-5FAE-471C-AD0E-EB87652F5851}.Release|ARM.Build.0 = Release|Any CPU
		{FE6B60EA-5FAE-471C-AD0E-EB87652F5851}.Release|ARM64.ActiveCfg = Release|Any CPU
		{FE6B60EA-5FAE-471C-AD0E-EB87652F5851}.Release|ARM64.Build.0 = Release|Any CPU
		{FE6B60EA-5FAE-471C-AD0E-EB87652F5851}.Release|x64.ActiveCfg = Release|Any CPU
		{FE6B60EA-5FAE-471C-AD0E-EB87652F5851}.Release|x64.Build.0 = Release|Any CPU
		{FE6B60EA-5FAE-471C-AD0E-EB87652F5851}.Release|x86.ActiveCfg = Release|Any CPU
		{FE6B60EA-5FAE-471C-AD0E-EB87652F5851}.Release|x86.Build.0 = Release|Any CPU
		{BA124335-6B33-4E13-A394-590EE673A566}.Debug|Any CPU.ActiveCfg = Debug|Any CPU
		{BA124335-6B33-4E13-A394-590EE673A566}.Debug|Any CPU.Build.0 = Debug|Any CPU
		{BA124335-6B33-4E13-A394-590EE673A566}.Debug|ARM.ActiveCfg = Debug|Any CPU
		{BA124335-6B33-4E13-A394-590EE673A566}.Debug|ARM.Build.0 = Debug|Any CPU
		{BA124335-6B33-4E13-A394-590EE673A566}.Debug|ARM64.ActiveCfg = Debug|Any CPU
		{BA124335-6B33-4E13-A394-590EE673A566}.Debug|ARM64.Build.0 = Debug|Any CPU
		{BA124335-6B33-4E13-A394-590EE673A566}.Debug|x64.ActiveCfg = Debug|x64
		{BA124335-6B33-4E13-A394-590EE673A566}.Debug|x64.Build.0 = Debug|x64
		{BA124335-6B33-4E13-A394-590EE673A566}.Debug|x86.ActiveCfg = Debug|x86
		{BA124335-6B33-4E13-A394-590EE673A566}.Debug|x86.Build.0 = Debug|x86
		{BA124335-6B33-4E13-A394-590EE673A566}.Release|Any CPU.ActiveCfg = Release|Any CPU
		{BA124335-6B33-4E13-A394-590EE673A566}.Release|Any CPU.Build.0 = Release|Any CPU
		{BA124335-6B33-4E13-A394-590EE673A566}.Release|ARM.ActiveCfg = Release|Any CPU
		{BA124335-6B33-4E13-A394-590EE673A566}.Release|ARM.Build.0 = Release|Any CPU
		{BA124335-6B33-4E13-A394-590EE673A566}.Release|ARM64.ActiveCfg = Release|Any CPU
		{BA124335-6B33-4E13-A394-590EE673A566}.Release|ARM64.Build.0 = Release|Any CPU
		{BA124335-6B33-4E13-A394-590EE673A566}.Release|x64.ActiveCfg = Release|Any CPU
		{BA124335-6B33-4E13-A394-590EE673A566}.Release|x64.Build.0 = Release|Any CPU
		{BA124335-6B33-4E13-A394-590EE673A566}.Release|x86.ActiveCfg = Release|Any CPU
		{BA124335-6B33-4E13-A394-590EE673A566}.Release|x86.Build.0 = Release|Any CPU
		{1A3F6C6E-A85C-407D-A602-336248F05416}.Debug|Any CPU.ActiveCfg = Debug|Any CPU
		{1A3F6C6E-A85C-407D-A602-336248F05416}.Debug|Any CPU.Build.0 = Debug|Any CPU
		{1A3F6C6E-A85C-407D-A602-336248F05416}.Debug|ARM.ActiveCfg = Debug|Any CPU
		{1A3F6C6E-A85C-407D-A602-336248F05416}.Debug|ARM.Build.0 = Debug|Any CPU
		{1A3F6C6E-A85C-407D-A602-336248F05416}.Debug|ARM64.ActiveCfg = Debug|Any CPU
		{1A3F6C6E-A85C-407D-A602-336248F05416}.Debug|ARM64.Build.0 = Debug|Any CPU
		{1A3F6C6E-A85C-407D-A602-336248F05416}.Debug|x64.ActiveCfg = Debug|x64
		{1A3F6C6E-A85C-407D-A602-336248F05416}.Debug|x64.Build.0 = Debug|x64
		{1A3F6C6E-A85C-407D-A602-336248F05416}.Debug|x86.ActiveCfg = Debug|x86
		{1A3F6C6E-A85C-407D-A602-336248F05416}.Debug|x86.Build.0 = Debug|x86
		{1A3F6C6E-A85C-407D-A602-336248F05416}.Release|Any CPU.ActiveCfg = Release|Any CPU
		{1A3F6C6E-A85C-407D-A602-336248F05416}.Release|Any CPU.Build.0 = Release|Any CPU
		{1A3F6C6E-A85C-407D-A602-336248F05416}.Release|ARM.ActiveCfg = Release|Any CPU
		{1A3F6C6E-A85C-407D-A602-336248F05416}.Release|ARM.Build.0 = Release|Any CPU
		{1A3F6C6E-A85C-407D-A602-336248F05416}.Release|ARM64.ActiveCfg = Release|Any CPU
		{1A3F6C6E-A85C-407D-A602-336248F05416}.Release|ARM64.Build.0 = Release|Any CPU
		{1A3F6C6E-A85C-407D-A602-336248F05416}.Release|x64.ActiveCfg = Release|Any CPU
		{1A3F6C6E-A85C-407D-A602-336248F05416}.Release|x64.Build.0 = Release|Any CPU
		{1A3F6C6E-A85C-407D-A602-336248F05416}.Release|x86.ActiveCfg = Release|Any CPU
		{1A3F6C6E-A85C-407D-A602-336248F05416}.Release|x86.Build.0 = Release|Any CPU
		{6017ECA9-D06A-4E4D-9875-B781F980CAA2}.Debug|Any CPU.ActiveCfg = Debug|Any CPU
		{6017ECA9-D06A-4E4D-9875-B781F980CAA2}.Debug|Any CPU.Build.0 = Debug|Any CPU
		{6017ECA9-D06A-4E4D-9875-B781F980CAA2}.Debug|ARM.ActiveCfg = Debug|Any CPU
		{6017ECA9-D06A-4E4D-9875-B781F980CAA2}.Debug|ARM.Build.0 = Debug|Any CPU
		{6017ECA9-D06A-4E4D-9875-B781F980CAA2}.Debug|ARM64.ActiveCfg = Debug|Any CPU
		{6017ECA9-D06A-4E4D-9875-B781F980CAA2}.Debug|ARM64.Build.0 = Debug|Any CPU
		{6017ECA9-D06A-4E4D-9875-B781F980CAA2}.Debug|x64.ActiveCfg = Debug|x64
		{6017ECA9-D06A-4E4D-9875-B781F980CAA2}.Debug|x64.Build.0 = Debug|x64
		{6017ECA9-D06A-4E4D-9875-B781F980CAA2}.Debug|x86.ActiveCfg = Debug|x86
		{6017ECA9-D06A-4E4D-9875-B781F980CAA2}.Debug|x86.Build.0 = Debug|x86
		{6017ECA9-D06A-4E4D-9875-B781F980CAA2}.Release|Any CPU.ActiveCfg = Release|Any CPU
		{6017ECA9-D06A-4E4D-9875-B781F980CAA2}.Release|Any CPU.Build.0 = Release|Any CPU
		{6017ECA9-D06A-4E4D-9875-B781F980CAA2}.Release|ARM.ActiveCfg = Release|Any CPU
		{6017ECA9-D06A-4E4D-9875-B781F980CAA2}.Release|ARM.Build.0 = Release|Any CPU
		{6017ECA9-D06A-4E4D-9875-B781F980CAA2}.Release|ARM64.ActiveCfg = Release|Any CPU
		{6017ECA9-D06A-4E4D-9875-B781F980CAA2}.Release|ARM64.Build.0 = Release|Any CPU
		{6017ECA9-D06A-4E4D-9875-B781F980CAA2}.Release|x64.ActiveCfg = Release|Any CPU
		{6017ECA9-D06A-4E4D-9875-B781F980CAA2}.Release|x64.Build.0 = Release|Any CPU
		{6017ECA9-D06A-4E4D-9875-B781F980CAA2}.Release|x86.ActiveCfg = Release|Any CPU
		{6017ECA9-D06A-4E4D-9875-B781F980CAA2}.Release|x86.Build.0 = Release|Any CPU
		{7CF6B00C-3E78-4909-AD38-8088045E7DB8}.Debug|Any CPU.ActiveCfg = Debug|Any CPU
		{7CF6B00C-3E78-4909-AD38-8088045E7DB8}.Debug|Any CPU.Build.0 = Debug|Any CPU
		{7CF6B00C-3E78-4909-AD38-8088045E7DB8}.Debug|ARM.ActiveCfg = Debug|Any CPU
		{7CF6B00C-3E78-4909-AD38-8088045E7DB8}.Debug|ARM.Build.0 = Debug|Any CPU
		{7CF6B00C-3E78-4909-AD38-8088045E7DB8}.Debug|ARM64.ActiveCfg = Debug|Any CPU
		{7CF6B00C-3E78-4909-AD38-8088045E7DB8}.Debug|ARM64.Build.0 = Debug|Any CPU
		{7CF6B00C-3E78-4909-AD38-8088045E7DB8}.Debug|x64.ActiveCfg = Debug|Any CPU
		{7CF6B00C-3E78-4909-AD38-8088045E7DB8}.Debug|x64.Build.0 = Debug|Any CPU
		{7CF6B00C-3E78-4909-AD38-8088045E7DB8}.Debug|x86.ActiveCfg = Debug|x86
		{7CF6B00C-3E78-4909-AD38-8088045E7DB8}.Debug|x86.Build.0 = Debug|x86
		{7CF6B00C-3E78-4909-AD38-8088045E7DB8}.Release|Any CPU.ActiveCfg = Release|Any CPU
		{7CF6B00C-3E78-4909-AD38-8088045E7DB8}.Release|Any CPU.Build.0 = Release|Any CPU
		{7CF6B00C-3E78-4909-AD38-8088045E7DB8}.Release|ARM.ActiveCfg = Release|Any CPU
		{7CF6B00C-3E78-4909-AD38-8088045E7DB8}.Release|ARM.Build.0 = Release|Any CPU
		{7CF6B00C-3E78-4909-AD38-8088045E7DB8}.Release|ARM64.ActiveCfg = Release|Any CPU
		{7CF6B00C-3E78-4909-AD38-8088045E7DB8}.Release|ARM64.Build.0 = Release|Any CPU
		{7CF6B00C-3E78-4909-AD38-8088045E7DB8}.Release|x64.ActiveCfg = Release|Any CPU
		{7CF6B00C-3E78-4909-AD38-8088045E7DB8}.Release|x64.Build.0 = Release|Any CPU
		{7CF6B00C-3E78-4909-AD38-8088045E7DB8}.Release|x86.ActiveCfg = Release|Any CPU
		{7CF6B00C-3E78-4909-AD38-8088045E7DB8}.Release|x86.Build.0 = Release|Any CPU
		{7D004A62-C2E3-4111-A6A9-1541AD59A1BC}.Debug|Any CPU.ActiveCfg = Debug|Any CPU
		{7D004A62-C2E3-4111-A6A9-1541AD59A1BC}.Debug|Any CPU.Build.0 = Debug|Any CPU
		{7D004A62-C2E3-4111-A6A9-1541AD59A1BC}.Debug|ARM.ActiveCfg = Debug|Any CPU
		{7D004A62-C2E3-4111-A6A9-1541AD59A1BC}.Debug|ARM.Build.0 = Debug|Any CPU
		{7D004A62-C2E3-4111-A6A9-1541AD59A1BC}.Debug|ARM64.ActiveCfg = Debug|Any CPU
		{7D004A62-C2E3-4111-A6A9-1541AD59A1BC}.Debug|ARM64.Build.0 = Debug|Any CPU
		{7D004A62-C2E3-4111-A6A9-1541AD59A1BC}.Debug|x64.ActiveCfg = Debug|x64
		{7D004A62-C2E3-4111-A6A9-1541AD59A1BC}.Debug|x64.Build.0 = Debug|x64
		{7D004A62-C2E3-4111-A6A9-1541AD59A1BC}.Debug|x86.ActiveCfg = Debug|x86
		{7D004A62-C2E3-4111-A6A9-1541AD59A1BC}.Debug|x86.Build.0 = Debug|x86
		{7D004A62-C2E3-4111-A6A9-1541AD59A1BC}.Release|Any CPU.ActiveCfg = Release|Any CPU
		{7D004A62-C2E3-4111-A6A9-1541AD59A1BC}.Release|Any CPU.Build.0 = Release|Any CPU
		{7D004A62-C2E3-4111-A6A9-1541AD59A1BC}.Release|ARM.ActiveCfg = Release|Any CPU
		{7D004A62-C2E3-4111-A6A9-1541AD59A1BC}.Release|ARM.Build.0 = Release|Any CPU
		{7D004A62-C2E3-4111-A6A9-1541AD59A1BC}.Release|ARM64.ActiveCfg = Release|Any CPU
		{7D004A62-C2E3-4111-A6A9-1541AD59A1BC}.Release|ARM64.Build.0 = Release|Any CPU
		{7D004A62-C2E3-4111-A6A9-1541AD59A1BC}.Release|x64.ActiveCfg = Release|x64
		{7D004A62-C2E3-4111-A6A9-1541AD59A1BC}.Release|x64.Build.0 = Release|x64
		{7D004A62-C2E3-4111-A6A9-1541AD59A1BC}.Release|x86.ActiveCfg = Release|x86
		{7D004A62-C2E3-4111-A6A9-1541AD59A1BC}.Release|x86.Build.0 = Release|x86
		{3AA98A34-5B0C-4B6B-B8F5-A33C5E7C71F9}.Debug|Any CPU.ActiveCfg = Debug|Any CPU
		{3AA98A34-5B0C-4B6B-B8F5-A33C5E7C71F9}.Debug|Any CPU.Build.0 = Debug|Any CPU
		{3AA98A34-5B0C-4B6B-B8F5-A33C5E7C71F9}.Debug|ARM.ActiveCfg = Debug|Any CPU
		{3AA98A34-5B0C-4B6B-B8F5-A33C5E7C71F9}.Debug|ARM.Build.0 = Debug|Any CPU
		{3AA98A34-5B0C-4B6B-B8F5-A33C5E7C71F9}.Debug|ARM64.ActiveCfg = Debug|Any CPU
		{3AA98A34-5B0C-4B6B-B8F5-A33C5E7C71F9}.Debug|ARM64.Build.0 = Debug|Any CPU
		{3AA98A34-5B0C-4B6B-B8F5-A33C5E7C71F9}.Debug|x64.ActiveCfg = Debug|Any CPU
		{3AA98A34-5B0C-4B6B-B8F5-A33C5E7C71F9}.Debug|x64.Build.0 = Debug|Any CPU
		{3AA98A34-5B0C-4B6B-B8F5-A33C5E7C71F9}.Debug|x86.ActiveCfg = Debug|x86
		{3AA98A34-5B0C-4B6B-B8F5-A33C5E7C71F9}.Debug|x86.Build.0 = Debug|x86
		{3AA98A34-5B0C-4B6B-B8F5-A33C5E7C71F9}.Release|Any CPU.ActiveCfg = Release|Any CPU
		{3AA98A34-5B0C-4B6B-B8F5-A33C5E7C71F9}.Release|Any CPU.Build.0 = Release|Any CPU
		{3AA98A34-5B0C-4B6B-B8F5-A33C5E7C71F9}.Release|ARM.ActiveCfg = Release|Any CPU
		{3AA98A34-5B0C-4B6B-B8F5-A33C5E7C71F9}.Release|ARM.Build.0 = Release|Any CPU
		{3AA98A34-5B0C-4B6B-B8F5-A33C5E7C71F9}.Release|ARM64.ActiveCfg = Release|Any CPU
		{3AA98A34-5B0C-4B6B-B8F5-A33C5E7C71F9}.Release|ARM64.Build.0 = Release|Any CPU
		{3AA98A34-5B0C-4B6B-B8F5-A33C5E7C71F9}.Release|x64.ActiveCfg = Release|Any CPU
		{3AA98A34-5B0C-4B6B-B8F5-A33C5E7C71F9}.Release|x64.Build.0 = Release|Any CPU
		{3AA98A34-5B0C-4B6B-B8F5-A33C5E7C71F9}.Release|x86.ActiveCfg = Release|Any CPU
		{3AA98A34-5B0C-4B6B-B8F5-A33C5E7C71F9}.Release|x86.Build.0 = Release|Any CPU
		{E96C37D8-81AF-4FA3-A1D5-39F50C35E634}.Debug|Any CPU.ActiveCfg = Debug|Any CPU
		{E96C37D8-81AF-4FA3-A1D5-39F50C35E634}.Debug|Any CPU.Build.0 = Debug|Any CPU
		{E96C37D8-81AF-4FA3-A1D5-39F50C35E634}.Debug|Any CPU.Deploy.0 = Debug|Any CPU
		{E96C37D8-81AF-4FA3-A1D5-39F50C35E634}.Debug|ARM.ActiveCfg = Debug|Any CPU
		{E96C37D8-81AF-4FA3-A1D5-39F50C35E634}.Debug|ARM.Build.0 = Debug|Any CPU
		{E96C37D8-81AF-4FA3-A1D5-39F50C35E634}.Debug|ARM.Deploy.0 = Debug|Any CPU
		{E96C37D8-81AF-4FA3-A1D5-39F50C35E634}.Debug|ARM64.ActiveCfg = Debug|Any CPU
		{E96C37D8-81AF-4FA3-A1D5-39F50C35E634}.Debug|ARM64.Build.0 = Debug|Any CPU
		{E96C37D8-81AF-4FA3-A1D5-39F50C35E634}.Debug|ARM64.Deploy.0 = Debug|Any CPU
		{E96C37D8-81AF-4FA3-A1D5-39F50C35E634}.Debug|x64.ActiveCfg = Debug|Any CPU
		{E96C37D8-81AF-4FA3-A1D5-39F50C35E634}.Debug|x64.Build.0 = Debug|Any CPU
		{E96C37D8-81AF-4FA3-A1D5-39F50C35E634}.Debug|x64.Deploy.0 = Debug|Any CPU
		{E96C37D8-81AF-4FA3-A1D5-39F50C35E634}.Debug|x86.ActiveCfg = Debug|x86
		{E96C37D8-81AF-4FA3-A1D5-39F50C35E634}.Debug|x86.Build.0 = Debug|x86
		{E96C37D8-81AF-4FA3-A1D5-39F50C35E634}.Debug|x86.Deploy.0 = Debug|x86
		{E96C37D8-81AF-4FA3-A1D5-39F50C35E634}.Release|Any CPU.ActiveCfg = Release|Any CPU
		{E96C37D8-81AF-4FA3-A1D5-39F50C35E634}.Release|Any CPU.Build.0 = Release|Any CPU
		{E96C37D8-81AF-4FA3-A1D5-39F50C35E634}.Release|Any CPU.Deploy.0 = Release|Any CPU
		{E96C37D8-81AF-4FA3-A1D5-39F50C35E634}.Release|ARM.ActiveCfg = Release|Any CPU
		{E96C37D8-81AF-4FA3-A1D5-39F50C35E634}.Release|ARM.Build.0 = Release|Any CPU
		{E96C37D8-81AF-4FA3-A1D5-39F50C35E634}.Release|ARM.Deploy.0 = Release|Any CPU
		{E96C37D8-81AF-4FA3-A1D5-39F50C35E634}.Release|ARM64.ActiveCfg = Release|Any CPU
		{E96C37D8-81AF-4FA3-A1D5-39F50C35E634}.Release|ARM64.Build.0 = Release|Any CPU
		{E96C37D8-81AF-4FA3-A1D5-39F50C35E634}.Release|ARM64.Deploy.0 = Release|Any CPU
		{E96C37D8-81AF-4FA3-A1D5-39F50C35E634}.Release|x64.ActiveCfg = Release|Any CPU
		{E96C37D8-81AF-4FA3-A1D5-39F50C35E634}.Release|x64.Build.0 = Release|Any CPU
		{E96C37D8-81AF-4FA3-A1D5-39F50C35E634}.Release|x64.Deploy.0 = Release|Any CPU
		{E96C37D8-81AF-4FA3-A1D5-39F50C35E634}.Release|x86.ActiveCfg = Release|Any CPU
		{E96C37D8-81AF-4FA3-A1D5-39F50C35E634}.Release|x86.Build.0 = Release|Any CPU
		{E96C37D8-81AF-4FA3-A1D5-39F50C35E634}.Release|x86.Deploy.0 = Release|Any CPU
		{40CCD5D2-8953-42F9-89D5-EE0F172B464B}.Debug|Any CPU.ActiveCfg = Debug|x86
		{40CCD5D2-8953-42F9-89D5-EE0F172B464B}.Debug|ARM.ActiveCfg = Debug|ARM
		{40CCD5D2-8953-42F9-89D5-EE0F172B464B}.Debug|ARM.Build.0 = Debug|ARM
		{40CCD5D2-8953-42F9-89D5-EE0F172B464B}.Debug|ARM.Deploy.0 = Debug|ARM
		{40CCD5D2-8953-42F9-89D5-EE0F172B464B}.Debug|ARM64.ActiveCfg = Debug|x86
		{40CCD5D2-8953-42F9-89D5-EE0F172B464B}.Debug|x64.ActiveCfg = Debug|x64
		{40CCD5D2-8953-42F9-89D5-EE0F172B464B}.Debug|x64.Build.0 = Debug|x64
		{40CCD5D2-8953-42F9-89D5-EE0F172B464B}.Debug|x64.Deploy.0 = Debug|x64
		{40CCD5D2-8953-42F9-89D5-EE0F172B464B}.Debug|x86.ActiveCfg = Debug|x86
		{40CCD5D2-8953-42F9-89D5-EE0F172B464B}.Debug|x86.Build.0 = Debug|x86
		{40CCD5D2-8953-42F9-89D5-EE0F172B464B}.Debug|x86.Deploy.0 = Debug|x86
		{40CCD5D2-8953-42F9-89D5-EE0F172B464B}.Release|Any CPU.ActiveCfg = Release|x86
		{40CCD5D2-8953-42F9-89D5-EE0F172B464B}.Release|ARM.ActiveCfg = Release|ARM
		{40CCD5D2-8953-42F9-89D5-EE0F172B464B}.Release|ARM.Build.0 = Release|ARM
		{40CCD5D2-8953-42F9-89D5-EE0F172B464B}.Release|ARM.Deploy.0 = Release|ARM
		{40CCD5D2-8953-42F9-89D5-EE0F172B464B}.Release|ARM64.ActiveCfg = Release|x86
		{40CCD5D2-8953-42F9-89D5-EE0F172B464B}.Release|x64.ActiveCfg = Release|x64
		{40CCD5D2-8953-42F9-89D5-EE0F172B464B}.Release|x64.Build.0 = Release|x64
		{40CCD5D2-8953-42F9-89D5-EE0F172B464B}.Release|x64.Deploy.0 = Release|x64
		{40CCD5D2-8953-42F9-89D5-EE0F172B464B}.Release|x86.ActiveCfg = Release|x86
		{40CCD5D2-8953-42F9-89D5-EE0F172B464B}.Release|x86.Build.0 = Release|x86
		{40CCD5D2-8953-42F9-89D5-EE0F172B464B}.Release|x86.Deploy.0 = Release|x86
		{C1BC8361-D23A-44FD-A34D-3F3929B297AD}.Debug|Any CPU.ActiveCfg = Debug|Any CPU
		{C1BC8361-D23A-44FD-A34D-3F3929B297AD}.Debug|Any CPU.Build.0 = Debug|Any CPU
		{C1BC8361-D23A-44FD-A34D-3F3929B297AD}.Debug|ARM.ActiveCfg = Debug|Any CPU
		{C1BC8361-D23A-44FD-A34D-3F3929B297AD}.Debug|ARM.Build.0 = Debug|Any CPU
		{C1BC8361-D23A-44FD-A34D-3F3929B297AD}.Debug|ARM64.ActiveCfg = Debug|Any CPU
		{C1BC8361-D23A-44FD-A34D-3F3929B297AD}.Debug|ARM64.Build.0 = Debug|Any CPU
		{C1BC8361-D23A-44FD-A34D-3F3929B297AD}.Debug|x64.ActiveCfg = Debug|x64
		{C1BC8361-D23A-44FD-A34D-3F3929B297AD}.Debug|x64.Build.0 = Debug|x64
		{C1BC8361-D23A-44FD-A34D-3F3929B297AD}.Debug|x86.ActiveCfg = Debug|x86
		{C1BC8361-D23A-44FD-A34D-3F3929B297AD}.Debug|x86.Build.0 = Debug|x86
		{C1BC8361-D23A-44FD-A34D-3F3929B297AD}.Release|Any CPU.ActiveCfg = Release|Any CPU
		{C1BC8361-D23A-44FD-A34D-3F3929B297AD}.Release|Any CPU.Build.0 = Release|Any CPU
		{C1BC8361-D23A-44FD-A34D-3F3929B297AD}.Release|ARM.ActiveCfg = Release|Any CPU
		{C1BC8361-D23A-44FD-A34D-3F3929B297AD}.Release|ARM.Build.0 = Release|Any CPU
		{C1BC8361-D23A-44FD-A34D-3F3929B297AD}.Release|ARM64.ActiveCfg = Release|Any CPU
		{C1BC8361-D23A-44FD-A34D-3F3929B297AD}.Release|ARM64.Build.0 = Release|Any CPU
		{C1BC8361-D23A-44FD-A34D-3F3929B297AD}.Release|x64.ActiveCfg = Release|x64
		{C1BC8361-D23A-44FD-A34D-3F3929B297AD}.Release|x64.Build.0 = Release|x64
		{C1BC8361-D23A-44FD-A34D-3F3929B297AD}.Release|x86.ActiveCfg = Release|x86
		{C1BC8361-D23A-44FD-A34D-3F3929B297AD}.Release|x86.Build.0 = Release|x86
		{1E1CBC7A-DBAB-4678-B199-70F236ABB917}.Debug|Any CPU.ActiveCfg = Debug|Any CPU
		{1E1CBC7A-DBAB-4678-B199-70F236ABB917}.Debug|Any CPU.Build.0 = Debug|Any CPU
		{1E1CBC7A-DBAB-4678-B199-70F236ABB917}.Debug|ARM.ActiveCfg = Debug|Any CPU
		{1E1CBC7A-DBAB-4678-B199-70F236ABB917}.Debug|ARM.Build.0 = Debug|Any CPU
		{1E1CBC7A-DBAB-4678-B199-70F236ABB917}.Debug|ARM64.ActiveCfg = Debug|Any CPU
		{1E1CBC7A-DBAB-4678-B199-70F236ABB917}.Debug|ARM64.Build.0 = Debug|Any CPU
		{1E1CBC7A-DBAB-4678-B199-70F236ABB917}.Debug|x64.ActiveCfg = Debug|Any CPU
		{1E1CBC7A-DBAB-4678-B199-70F236ABB917}.Debug|x64.Build.0 = Debug|Any CPU
		{1E1CBC7A-DBAB-4678-B199-70F236ABB917}.Debug|x86.ActiveCfg = Debug|x86
		{1E1CBC7A-DBAB-4678-B199-70F236ABB917}.Debug|x86.Build.0 = Debug|x86
		{1E1CBC7A-DBAB-4678-B199-70F236ABB917}.Release|Any CPU.ActiveCfg = Release|Any CPU
		{1E1CBC7A-DBAB-4678-B199-70F236ABB917}.Release|Any CPU.Build.0 = Release|Any CPU
		{1E1CBC7A-DBAB-4678-B199-70F236ABB917}.Release|ARM.ActiveCfg = Release|Any CPU
		{1E1CBC7A-DBAB-4678-B199-70F236ABB917}.Release|ARM.Build.0 = Release|Any CPU
		{1E1CBC7A-DBAB-4678-B199-70F236ABB917}.Release|ARM64.ActiveCfg = Release|Any CPU
		{1E1CBC7A-DBAB-4678-B199-70F236ABB917}.Release|ARM64.Build.0 = Release|Any CPU
		{1E1CBC7A-DBAB-4678-B199-70F236ABB917}.Release|x64.ActiveCfg = Release|Any CPU
		{1E1CBC7A-DBAB-4678-B199-70F236ABB917}.Release|x64.Build.0 = Release|Any CPU
		{1E1CBC7A-DBAB-4678-B199-70F236ABB917}.Release|x86.ActiveCfg = Release|Any CPU
		{1E1CBC7A-DBAB-4678-B199-70F236ABB917}.Release|x86.Build.0 = Release|Any CPU
	EndGlobalSection
	GlobalSection(SolutionProperties) = preSolution
		HideSolutionNode = FALSE
	EndGlobalSection
	GlobalSection(NestedProjects) = preSolution
		{D9981BE2-4C97-48FB-A576-98D6707E6B7F} = {A5186AFA-8C9F-4119-B0C2-BEEDB1C5CD0F}
		{FE6B60EA-5FAE-471C-AD0E-EB87652F5851} = {20FF61B2-E279-4A75-951E-D7CA0CFF9D6A}
		{BA124335-6B33-4E13-A394-590EE673A566} = {20FF61B2-E279-4A75-951E-D7CA0CFF9D6A}
		{1A3F6C6E-A85C-407D-A602-336248F05416} = {01DEBF4B-67E9-4AAC-89FA-E299416150C5}
		{6017ECA9-D06A-4E4D-9875-B781F980CAA2} = {20FF61B2-E279-4A75-951E-D7CA0CFF9D6A}
		{BB7DC064-D317-438A-B4A1-59BC7E1F199D} = {72F9F3C0-88D5-474A-8A9B-F917E914425B}
		{01DEBF4B-67E9-4AAC-89FA-E299416150C5} = {72F9F3C0-88D5-474A-8A9B-F917E914425B}
		{0556A7C6-98F8-40A2-B37D-B2952D57AC28} = {72F9F3C0-88D5-474A-8A9B-F917E914425B}
		{7CF6B00C-3E78-4909-AD38-8088045E7DB8} = {20FF61B2-E279-4A75-951E-D7CA0CFF9D6A}
		{7D004A62-C2E3-4111-A6A9-1541AD59A1BC} = {01DEBF4B-67E9-4AAC-89FA-E299416150C5}
		{A5186AFA-8C9F-4119-B0C2-BEEDB1C5CD0F} = {72F9F3C0-88D5-474A-8A9B-F917E914425B}
		{3AA98A34-5B0C-4B6B-B8F5-A33C5E7C71F9} = {BB7DC064-D317-438A-B4A1-59BC7E1F199D}
		{E96C37D8-81AF-4FA3-A1D5-39F50C35E634} = {BB7DC064-D317-438A-B4A1-59BC7E1F199D}
		{40CCD5D2-8953-42F9-89D5-EE0F172B464B} = {BB7DC064-D317-438A-B4A1-59BC7E1F199D}
		{C1BC8361-D23A-44FD-A34D-3F3929B297AD} = {0556A7C6-98F8-40A2-B37D-B2952D57AC28}
		{1E1CBC7A-DBAB-4678-B199-70F236ABB917} = {BB7DC064-D317-438A-B4A1-59BC7E1F199D}
	EndGlobalSection
	GlobalSection(ExtensibilityGlobals) = postSolution
		SolutionGuid = {C77293DB-A4E5-4276-9C0D-4D3BD6D6A778}
	EndGlobalSection
EndGlobal
